{
  "version": 4,
  "terraform_version": "1.13.4",
  "serial": 52,
  "lineage": "7f215467-00ec-05df-0ed2-5bb35bdc6c46",
  "outputs": {
    "policies_created": {
      "value": [
        "nomad-server",
        "nomad-client",
        "vault-storage"
      ],
      "type": [
        "tuple",
        [
          "string",
          "string",
          "string"
        ]
      ]
    },
    "tokens_stored_in_vault": {
      "value": {
        "bootstrap": "secret/consul/bootstrap-token",
        "nomad_client": "secret/consul/nomad-client-token",
        "nomad_server": "secret/consul/nomad-server-token",
        "vault": "secret/consul/vault-storage-token"
      },
      "type": [
        "object",
        {
          "bootstrap": "string",
          "nomad_client": "string",
          "nomad_server": "string",
          "vault": "string"
        }
      ]
    }
  },
  "resources": [
    {
      "mode": "managed",
      "type": "consul_acl_policy",
      "name": "health_checks",
      "provider": "provider[\"registry.terraform.io/hashicorp/consul\"]",
      "instances": [
        {
          "schema_version": 0,
          "attributes": {
            "datacenters": [],
            "description": "",
            "id": "d62c8ce8-3b3c-5c17-898e-9205fb7a3865",
            "name": "health-checks",
            "namespace": "",
            "partition": "",
            "rules": "# Health check policy - allows service health checks and Vault startup operations\nservice_prefix \"\" {\n  policy = \"read\"\n}\nnode_prefix \"\" {\n  policy = \"read\"\n}\nkey_prefix \"vault\" {\n  policy = \"read\"\n}\n"
          },
          "sensitive_attributes": [],
          "identity_schema_version": 0,
          "private": "bnVsbA=="
        }
      ]
    },
    {
      "mode": "managed",
      "type": "consul_acl_token",
      "name": "nomad_client",
      "provider": "provider[\"registry.terraform.io/hashicorp/consul\"]",
      "instances": [
        {
          "schema_version": 0,
          "attributes": {
            "accessor_id": "a07b6ad5-94cf-b7f9-b210-570ecdc4f351",
            "description": "Token for Nomad clients",
            "expiration_time": "",
            "id": "a07b6ad5-94cf-b7f9-b210-570ecdc4f351",
            "local": false,
            "namespace": "",
            "node_identities": [],
            "partition": "",
            "policies": [
              "nomad-client"
            ],
            "roles": [],
            "service_identities": [],
            "templated_policies": []
          },
          "sensitive_attributes": [],
          "identity_schema_version": 0,
          "private": "bnVsbA==",
          "dependencies": [
            "consul_acl_policy.nomad_client"
          ]
        }
      ]
    },
    {
      "mode": "managed",
      "type": "consul_acl_token",
      "name": "nomad_server",
      "provider": "provider[\"registry.terraform.io/hashicorp/consul\"]",
      "instances": [
        {
          "schema_version": 0,
          "attributes": {
            "accessor_id": "2781392a-ce3f-d9f2-29c8-5b05d0959ddc",
            "description": "Token for Nomad servers",
            "expiration_time": "",
            "id": "2781392a-ce3f-d9f2-29c8-5b05d0959ddc",
            "local": false,
            "namespace": "",
            "node_identities": [],
            "partition": "",
            "policies": [
              "nomad-server"
            ],
            "roles": [],
            "service_identities": [],
            "templated_policies": []
          },
          "sensitive_attributes": [],
          "identity_schema_version": 0,
          "private": "bnVsbA==",
          "dependencies": [
            "consul_acl_policy.nomad_server"
          ]
        }
      ]
    },
    {
      "mode": "managed",
      "type": "consul_acl_token",
      "name": "vault_storage",
      "provider": "provider[\"registry.terraform.io/hashicorp/consul\"]",
      "instances": [
        {
          "schema_version": 0,
          "attributes": {
            "accessor_id": "fb41fb77-17b8-a506-851e-34d06f39687f",
            "description": "Token for Vault storage backend",
            "expiration_time": "",
            "id": "fb41fb77-17b8-a506-851e-34d06f39687f",
            "local": false,
            "namespace": "",
            "node_identities": [],
            "partition": "",
            "policies": [
              "vault-storage"
            ],
            "roles": [],
            "service_identities": [],
            "templated_policies": []
          },
          "sensitive_attributes": [],
          "identity_schema_version": 0,
          "private": "bnVsbA==",
          "dependencies": [
            "consul_acl_policy.vault_storage"
          ]
        }
      ]
    },
    {
      "mode": "managed",
      "type": "vault_kv_secret_v2",
      "name": "consul_bootstrap",
      "provider": "provider[\"registry.terraform.io/hashicorp/vault\"]",
      "instances": [
        {
          "schema_version": 0,
          "attributes": {
            "cas": null,
            "custom_metadata": [
              {
                "cas_required": false,
                "data": {},
                "delete_version_after": 0,
                "max_versions": 0
              }
            ],
            "data": {
              "description": "Consul ACL bootstrap token - CRITICAL",
              "token": "d3cbe858-08c1-f08b-70cb-55db7bb75c73"
            },
            "data_json": "{\"description\":\"Consul ACL bootstrap token - CRITICAL\",\"token\":\"d3cbe858-08c1-f08b-70cb-55db7bb75c73\"}",
            "delete_all_versions": false,
            "disable_read": false,
            "id": "secret/data/consul/bootstrap-token",
            "metadata": {
              "created_time": "2025-11-25T20:41:08.32245629Z",
              "custom_metadata": "null",
              "deletion_time": "",
              "destroyed": "false",
              "version": "1"
            },
            "mount": "secret",
            "name": "consul/bootstrap-token",
            "namespace": null,
            "options": null,
            "path": "secret/data/consul/bootstrap-token"
          },
          "sensitive_attributes": [
            [
              {
                "type": "get_attr",
                "value": "data"
              }
            ],
            [
              {
                "type": "get_attr",
                "value": "data_json"
              }
            ]
          ],
          "identity_schema_version": 0,
          "private": "bnVsbA=="
        }
      ]
    },
    {
      "mode": "managed",
      "type": "vault_kv_secret_v2",
      "name": "nomad_client_token",
      "provider": "provider[\"registry.terraform.io/hashicorp/vault\"]",
      "instances": [
        {
          "schema_version": 0,
          "attributes": {
            "cas": null,
            "custom_metadata": [
              {
                "cas_required": false,
                "data": {},
                "delete_version_after": 0,
                "max_versions": 0
              }
            ],
            "data": {
              "accessor_id": "a07b6ad5-94cf-b7f9-b210-570ecdc4f351",
              "token": "a07b6ad5-94cf-b7f9-b210-570ecdc4f351"
            },
            "data_json": "{\"accessor_id\":\"a07b6ad5-94cf-b7f9-b210-570ecdc4f351\",\"token\":\"a07b6ad5-94cf-b7f9-b210-570ecdc4f351\"}",
            "delete_all_versions": false,
            "disable_read": false,
            "id": "secret/data/consul/nomad-client-token",
            "metadata": {
              "created_time": "2025-11-25T20:41:08.332901353Z",
              "custom_metadata": "null",
              "deletion_time": "",
              "destroyed": "false",
              "version": "1"
            },
            "mount": "secret",
            "name": "consul/nomad-client-token",
            "namespace": null,
            "options": null,
            "path": "secret/data/consul/nomad-client-token"
          },
          "sensitive_attributes": [
            [
              {
                "type": "get_attr",
                "value": "data"
              }
            ],
            [
              {
                "type": "get_attr",
                "value": "data_json"
              }
            ]
          ],
          "identity_schema_version": 0,
          "private": "bnVsbA==",
          "dependencies": [
            "consul_acl_policy.nomad_client",
            "consul_acl_token.nomad_client"
          ]
        }
      ]
    },
    {
      "mode": "managed",
      "type": "vault_kv_secret_v2",
      "name": "nomad_server_token",
      "provider": "provider[\"registry.terraform.io/hashicorp/vault\"]",
      "instances": [
        {
          "schema_version": 0,
          "attributes": {
            "cas": null,
            "custom_metadata": [
              {
                "cas_required": false,
                "data": {},
                "delete_version_after": 0,
                "max_versions": 0
              }
            ],
            "data": {
              "accessor_id": "2781392a-ce3f-d9f2-29c8-5b05d0959ddc",
              "token": "2781392a-ce3f-d9f2-29c8-5b05d0959ddc"
            },
            "data_json": "{\"accessor_id\":\"2781392a-ce3f-d9f2-29c8-5b05d0959ddc\",\"token\":\"2781392a-ce3f-d9f2-29c8-5b05d0959ddc\"}",
            "delete_all_versions": false,
            "disable_read": false,
            "id": "secret/data/consul/nomad-server-token",
            "metadata": {
              "created_time": "2025-11-25T20:41:08.33295389Z",
              "custom_metadata": "null",
              "deletion_time": "",
              "destroyed": "false",
              "version": "1"
            },
            "mount": "secret",
            "name": "consul/nomad-server-token",
            "namespace": null,
            "options": null,
            "path": "secret/data/consul/nomad-server-token"
          },
          "sensitive_attributes": [
            [
              {
                "type": "get_attr",
                "value": "data"
              }
            ],
            [
              {
                "type": "get_attr",
                "value": "data_json"
              }
            ]
          ],
          "identity_schema_version": 0,
          "private": "bnVsbA==",
          "dependencies": [
            "consul_acl_policy.nomad_server",
            "consul_acl_token.nomad_server"
          ]
        }
      ]
    },
    {
      "mode": "managed",
      "type": "vault_kv_secret_v2",
      "name": "vault_storage_token",
      "provider": "provider[\"registry.terraform.io/hashicorp/vault\"]",
      "instances": [
        {
          "schema_version": 0,
          "attributes": {
            "cas": null,
            "custom_metadata": [
              {
                "cas_required": false,
                "data": {},
                "delete_version_after": 0,
                "max_versions": 0
              }
            ],
            "data": {
              "accessor_id": "fb41fb77-17b8-a506-851e-34d06f39687f",
              "token": "fb41fb77-17b8-a506-851e-34d06f39687f"
            },
            "data_json": "{\"accessor_id\":\"fb41fb77-17b8-a506-851e-34d06f39687f\",\"token\":\"fb41fb77-17b8-a506-851e-34d06f39687f\"}",
            "delete_all_versions": false,
            "disable_read": false,
            "id": "secret/data/consul/vault-storage-token",
            "metadata": {
              "created_time": "2025-11-25T20:41:08.332710926Z",
              "custom_metadata": "null",
              "deletion_time": "",
              "destroyed": "false",
              "version": "1"
            },
            "mount": "secret",
            "name": "consul/vault-storage-token",
            "namespace": null,
            "options": null,
            "path": "secret/data/consul/vault-storage-token"
          },
          "sensitive_attributes": [
            [
              {
                "type": "get_attr",
                "value": "data"
              }
            ],
            [
              {
                "type": "get_attr",
                "value": "data_json"
              }
            ]
          ],
          "identity_schema_version": 0,
          "private": "bnVsbA==",
          "dependencies": [
            "consul_acl_policy.vault_storage",
            "consul_acl_token.vault_storage"
          ]
        }
      ]
    }
  ],
  "check_results": null
}
