{
  "version": 4,
  "terraform_version": "1.13.4",
  "serial": 44,
  "lineage": "7f215467-00ec-05df-0ed2-5bb35bdc6c46",
  "outputs": {
    "policies_created": {
      "value": [
        "nomad-server",
        "nomad-client",
        "vault-storage"
      ],
      "type": [
        "tuple",
        [
          "string",
          "string",
          "string"
        ]
      ]
    },
    "tokens_stored_in_vault": {
      "value": {
        "bootstrap": "secret/consul/bootstrap-token",
        "nomad_client": "secret/consul/nomad-client-token",
        "nomad_server": "secret/consul/nomad-server-token",
        "vault": "secret/consul/vault-storage-token"
      },
      "type": [
        "object",
        {
          "bootstrap": "string",
          "nomad_client": "string",
          "nomad_server": "string",
          "vault": "string"
        }
      ]
    }
  },
  "resources": [
    {
      "mode": "managed",
      "type": "consul_acl_policy",
      "name": "health_checks",
      "provider": "provider[\"registry.terraform.io/hashicorp/consul\"]",
      "instances": [
        {
          "schema_version": 0,
          "attributes": {
            "datacenters": [],
            "description": "",
            "id": "d62c8ce8-3b3c-5c17-898e-9205fb7a3865",
            "name": "health-checks",
            "namespace": "",
            "partition": "",
            "rules": "# Health check policy - allows service health checks and Vault startup operations\nservice_prefix \"\" {\n  policy = \"read\"\n}\nnode_prefix \"\" {\n  policy = \"read\"\n}\nkey_prefix \"vault\" {\n  policy = \"read\"\n}\n"
          },
          "sensitive_attributes": [],
          "identity_schema_version": 0,
          "private": "bnVsbA=="
        }
      ]
    },
    {
      "mode": "managed",
      "type": "consul_acl_policy",
      "name": "nomad_client",
      "provider": "provider[\"registry.terraform.io/hashicorp/consul\"]",
      "instances": [
        {
          "schema_version": 0,
          "attributes": {
            "datacenters": [],
            "description": "",
            "id": "4154d3af-5608-a6ed-44df-fceb3ff969b7",
            "name": "nomad-client",
            "namespace": "",
            "partition": "",
            "rules": "# Nomad client policy - service registration only\nagent_prefix \"\" {\n  policy = \"read\"\n}\n\nnode_prefix \"\" {\n  policy = \"read\"\n}\n\nservice_prefix \"\" {\n  policy = \"write\"\n}\n\nkey_prefix \"\" {\n  policy = \"read\"\n}\n"
          },
          "sensitive_attributes": [],
          "identity_schema_version": 0,
          "private": "bnVsbA=="
        }
      ]
    },
    {
      "mode": "managed",
      "type": "consul_acl_policy",
      "name": "nomad_server",
      "provider": "provider[\"registry.terraform.io/hashicorp/consul\"]",
      "instances": [
        {
          "schema_version": 0,
          "attributes": {
            "datacenters": [],
            "description": "",
            "id": "646f62c0-e5c3-1229-ab15-8a440f33a35e",
            "name": "nomad-server",
            "namespace": "",
            "partition": "",
            "rules": "# Nomad server policy - full cluster orchestration\nagent_prefix \"\" {\n  policy = \"read\"\n}\n\nnode_prefix \"\" {\n  policy = \"write\"\n}\n\nservice_prefix \"\" {\n  policy = \"write\"\n}\n\nquery_prefix \"\" {\n  policy = \"read\"\n}\n\nkey_prefix \"\" {\n  policy = \"write\"\n}\n"
          },
          "sensitive_attributes": [],
          "identity_schema_version": 0,
          "private": "bnVsbA=="
        }
      ]
    },
    {
      "mode": "managed",
      "type": "consul_acl_policy",
      "name": "vault_storage",
      "provider": "provider[\"registry.terraform.io/hashicorp/consul\"]",
      "instances": [
        {
          "schema_version": 0,
          "attributes": {
            "datacenters": [],
            "description": "",
            "id": "f3046858-b84b-6d16-a5fd-03d3692b17e1",
            "name": "vault-storage",
            "namespace": "",
            "partition": "",
            "rules": "# Vault storage backend policy\nkey_prefix \"vault/\" {\n  policy = \"write\"\n}\n\nnode_prefix \"\" {\n  policy = \"write\"\n}\n\nservice \"vault\" {\n  policy = \"write\"\n}\n\nagent_prefix \"\" {\n  policy = \"write\"\n}\n\nsession_prefix \"\" {\n  policy = \"write\"\n}\n"
          },
          "sensitive_attributes": [],
          "identity_schema_version": 0,
          "private": "bnVsbA=="
        }
      ]
    },
    {
      "mode": "managed",
      "type": "consul_acl_token",
      "name": "nomad_client",
      "provider": "provider[\"registry.terraform.io/hashicorp/consul\"]",
      "instances": [
        {
          "schema_version": 0,
          "attributes": {
            "accessor_id": "a07b6ad5-94cf-b7f9-b210-570ecdc4f351",
            "description": "Token for Nomad clients",
            "expiration_time": "",
            "id": "a07b6ad5-94cf-b7f9-b210-570ecdc4f351",
            "local": false,
            "namespace": "",
            "node_identities": [],
            "partition": "",
            "policies": [
              "nomad-client"
            ],
            "roles": [],
            "service_identities": [],
            "templated_policies": []
          },
          "sensitive_attributes": [],
          "identity_schema_version": 0,
          "private": "bnVsbA==",
          "dependencies": [
            "consul_acl_policy.nomad_client"
          ]
        }
      ]
    },
    {
      "mode": "managed",
      "type": "consul_acl_token",
      "name": "nomad_server",
      "provider": "provider[\"registry.terraform.io/hashicorp/consul\"]",
      "instances": [
        {
          "schema_version": 0,
          "attributes": {
            "accessor_id": "2781392a-ce3f-d9f2-29c8-5b05d0959ddc",
            "description": "Token for Nomad servers",
            "expiration_time": "",
            "id": "2781392a-ce3f-d9f2-29c8-5b05d0959ddc",
            "local": false,
            "namespace": "",
            "node_identities": [],
            "partition": "",
            "policies": [
              "nomad-server"
            ],
            "roles": [],
            "service_identities": [],
            "templated_policies": []
          },
          "sensitive_attributes": [],
          "identity_schema_version": 0,
          "private": "bnVsbA==",
          "dependencies": [
            "consul_acl_policy.nomad_server"
          ]
        }
      ]
    },
    {
      "mode": "managed",
      "type": "consul_acl_token",
      "name": "vault_storage",
      "provider": "provider[\"registry.terraform.io/hashicorp/consul\"]",
      "instances": [
        {
          "schema_version": 0,
          "attributes": {
            "accessor_id": "fb41fb77-17b8-a506-851e-34d06f39687f",
            "description": "Token for Vault storage backend",
            "expiration_time": "",
            "id": "fb41fb77-17b8-a506-851e-34d06f39687f",
            "local": false,
            "namespace": "",
            "node_identities": [],
            "partition": "",
            "policies": [
              "vault-storage"
            ],
            "roles": [],
            "service_identities": [],
            "templated_policies": []
          },
          "sensitive_attributes": [],
          "identity_schema_version": 0,
          "private": "bnVsbA==",
          "dependencies": [
            "consul_acl_policy.vault_storage"
          ]
        }
      ]
    }
  ],
  "check_results": null
}
