{
  "version": 4,
  "terraform_version": "1.13.4",
  "serial": 97,
  "lineage": "7f215467-00ec-05df-0ed2-5bb35bdc6c46",
  "outputs": {
    "policies_created": {
      "value": [
        "nomad-server",
        "nomad-client",
        "vault-storage",
        "traefik"
      ],
      "type": [
        "tuple",
        [
          "string",
          "string",
          "string",
          "string"
        ]
      ]
    },
    "tokens_stored_in_vault": {
      "value": {
        "bootstrap": "secret/consul/bootstrap-token",
        "nomad_client": "secret/consul/nomad-client-token",
        "nomad_server": "secret/consul/nomad-server-token",
        "traefik": "secret/traefik",
        "vault": "secret/consul/vault-storage-token"
      },
      "type": [
        "object",
        {
          "bootstrap": "string",
          "nomad_client": "string",
          "nomad_server": "string",
          "traefik": "string",
          "vault": "string"
        }
      ]
    },
    "traefik_token_accessor": {
      "value": "feea344f-e1f9-0358-2d91-74be383018c9",
      "type": "string"
    }
  },
  "resources": [
    {
      "mode": "managed",
      "type": "consul_acl_policy",
      "name": "consul_agent",
      "provider": "provider[\"registry.terraform.io/hashicorp/consul\"]",
      "instances": [
        {
          "schema_version": 0,
          "attributes": {
            "datacenters": [],
            "description": "",
            "id": "5ed5c578-4ca6-49ea-2746-dbd779d652d5",
            "name": "consul-agent",
            "namespace": "",
            "partition": "",
            "rules": "# Consul agent policy - allows agents to register themselves and services\nnode_prefix \"\" {\n  policy = \"write\"\n}\n\nagent_prefix \"\" {\n  policy = \"write\"\n}\n\nservice_prefix \"\" {\n  policy = \"write\"\n}\n"
          },
          "sensitive_attributes": [],
          "identity_schema_version": 0,
          "private": "bnVsbA=="
        }
      ]
    },
    {
      "mode": "managed",
      "type": "consul_acl_policy",
      "name": "health_checks",
      "provider": "provider[\"registry.terraform.io/hashicorp/consul\"]",
      "instances": [
        {
          "schema_version": 0,
          "attributes": {
            "datacenters": [],
            "description": "",
            "id": "d62c8ce8-3b3c-5c17-898e-9205fb7a3865",
            "name": "health-checks",
            "namespace": "",
            "partition": "",
            "rules": "# Health check policy - allows service health checks and Vault startup operations\nservice_prefix \"\" {\n  policy = \"read\"\n}\nnode_prefix \"\" {\n  policy = \"read\"\n}\nkey_prefix \"vault\" {\n  policy = \"read\"\n}\n"
          },
          "sensitive_attributes": [],
          "identity_schema_version": 0,
          "private": "eyJzY2hlbWFfdmVyc2lvbiI6IjAifQ=="
        }
      ]
    },
    {
      "mode": "managed",
      "type": "consul_acl_policy",
      "name": "nomad_client",
      "provider": "provider[\"registry.terraform.io/hashicorp/consul\"]",
      "instances": [
        {
          "schema_version": 0,
          "attributes": {
            "datacenters": [],
            "description": "",
            "id": "4154d3af-5608-a6ed-44df-fceb3ff969b7",
            "name": "nomad-client",
            "namespace": "",
            "partition": "",
            "rules": "# Nomad client policy - service registration only\nagent_prefix \"\" {\n  policy = \"read\"\n}\n\nnode_prefix \"\" {\n  policy = \"read\"\n}\n\nservice_prefix \"\" {\n  policy = \"write\"\n}\n\nkey_prefix \"\" {\n  policy = \"read\"\n}\n"
          },
          "sensitive_attributes": [],
          "identity_schema_version": 0,
          "private": "eyJzY2hlbWFfdmVyc2lvbiI6IjAifQ=="
        }
      ]
    },
    {
      "mode": "managed",
      "type": "consul_acl_policy",
      "name": "nomad_server",
      "provider": "provider[\"registry.terraform.io/hashicorp/consul\"]",
      "instances": [
        {
          "schema_version": 0,
          "attributes": {
            "datacenters": [],
            "description": "",
            "id": "646f62c0-e5c3-1229-ab15-8a440f33a35e",
            "name": "nomad-server",
            "namespace": "",
            "partition": "",
            "rules": "# Nomad server policy - full cluster orchestration\nagent_prefix \"\" {\n  policy = \"read\"\n}\n\nnode_prefix \"\" {\n  policy = \"write\"\n}\n\nservice_prefix \"\" {\n  policy = \"write\"\n}\n\n# Required for Consul Connect - allows Nomad to create service identity tokens\nacl = \"write\"\n\nquery_prefix \"\" {\n  policy = \"read\"\n}\n\nkey_prefix \"\" {\n  policy = \"write\"\n}\n"
          },
          "sensitive_attributes": [],
          "identity_schema_version": 0,
          "private": "bnVsbA=="
        }
      ]
    },
    {
      "mode": "managed",
      "type": "consul_acl_policy",
      "name": "prometheus",
      "provider": "provider[\"registry.terraform.io/hashicorp/consul\"]",
      "instances": [
        {
          "schema_version": 0,
          "attributes": {
            "datacenters": [],
            "description": "",
            "id": "1692f213-c635-034e-ea36-04b32ca986a6",
            "name": "prometheus",
            "namespace": "",
            "partition": "",
            "rules": "# Prometheus policy - Service discovery and metrics collection\nservice_prefix \"\" {\n  policy = \"read\"\n}\n\nnode_prefix \"\" {\n  policy = \"read\"\n}\n\nagent_prefix \"\" {\n  policy = \"read\"\n}\n"
          },
          "sensitive_attributes": [],
          "identity_schema_version": 0,
          "private": "bnVsbA=="
        }
      ]
    },
    {
      "mode": "managed",
      "type": "consul_acl_policy",
      "name": "traefik",
      "provider": "provider[\"registry.terraform.io/hashicorp/consul\"]",
      "instances": [
        {
          "schema_version": 0,
          "attributes": {
            "datacenters": [],
            "description": "",
            "id": "29f21b3f-cf54-e81c-d6bf-fa064e3d36b7",
            "name": "traefik",
            "namespace": "",
            "partition": "",
            "rules": "# Traefik policy - Consul Catalog service discovery\nservice_prefix \"\" {\n  policy = \"read\"\n}\n\nnode_prefix \"\" {\n  policy = \"read\"\n}\n\nagent_prefix \"\" {\n  policy = \"read\"\n}\n"
          },
          "sensitive_attributes": [],
          "identity_schema_version": 0,
          "private": "bnVsbA=="
        }
      ]
    },
    {
      "mode": "managed",
      "type": "consul_acl_policy",
      "name": "vault_storage",
      "provider": "provider[\"registry.terraform.io/hashicorp/consul\"]",
      "instances": [
        {
          "schema_version": 0,
          "attributes": {
            "datacenters": [],
            "description": "",
            "id": "f3046858-b84b-6d16-a5fd-03d3692b17e1",
            "name": "vault-storage",
            "namespace": "",
            "partition": "",
            "rules": "# Vault storage backend policy\nkey_prefix \"vault/\" {\n  policy = \"write\"\n}\n\nnode_prefix \"\" {\n  policy = \"write\"\n}\n\nservice \"vault\" {\n  policy = \"write\"\n}\n\nagent_prefix \"\" {\n  policy = \"write\"\n}\n\nsession_prefix \"\" {\n  policy = \"write\"\n}\n"
          },
          "sensitive_attributes": [],
          "identity_schema_version": 0,
          "private": "eyJzY2hlbWFfdmVyc2lvbiI6IjAifQ=="
        }
      ]
    },
    {
      "mode": "managed",
      "type": "consul_acl_token",
      "name": "anonymous",
      "provider": "provider[\"registry.terraform.io/hashicorp/consul\"]",
      "instances": [
        {
          "schema_version": 0,
          "attributes": {
            "accessor_id": "00000000-0000-0000-0000-000000000002",
            "description": "Anonymous Token",
            "expiration_time": "",
            "id": "00000000-0000-0000-0000-000000000002",
            "local": false,
            "namespace": "",
            "node_identities": [],
            "partition": "",
            "policies": [
              "health-checks"
            ],
            "roles": [],
            "service_identities": [],
            "templated_policies": []
          },
          "sensitive_attributes": [],
          "identity_schema_version": 0,
          "private": "eyJzY2hlbWFfdmVyc2lvbiI6IjAifQ=="
        }
      ]
    },
    {
      "mode": "managed",
      "type": "consul_acl_token",
      "name": "consul_agent",
      "provider": "provider[\"registry.terraform.io/hashicorp/consul\"]",
      "instances": [
        {
          "schema_version": 0,
          "attributes": {
            "accessor_id": "6377bf03-f984-ee03-5c7e-21222e627b8e",
            "description": "Token for Consul client agents",
            "expiration_time": "",
            "id": "6377bf03-f984-ee03-5c7e-21222e627b8e",
            "local": false,
            "namespace": "",
            "node_identities": [],
            "partition": "",
            "policies": [
              "consul-agent"
            ],
            "roles": [],
            "service_identities": [],
            "templated_policies": []
          },
          "sensitive_attributes": [],
          "identity_schema_version": 0,
          "private": "bnVsbA==",
          "dependencies": [
            "consul_acl_policy.consul_agent"
          ]
        }
      ]
    },
    {
      "mode": "managed",
      "type": "consul_acl_token",
      "name": "nomad_client",
      "provider": "provider[\"registry.terraform.io/hashicorp/consul\"]",
      "instances": [
        {
          "schema_version": 0,
          "attributes": {
            "accessor_id": "be14de42-6897-cfec-5ce0-3e436a4fc8f7",
            "description": "Token for Nomad clients",
            "expiration_time": "",
            "id": "be14de42-6897-cfec-5ce0-3e436a4fc8f7",
            "local": false,
            "namespace": "",
            "node_identities": [],
            "partition": "",
            "policies": [
              "nomad-client"
            ],
            "roles": [],
            "service_identities": [],
            "templated_policies": []
          },
          "sensitive_attributes": [],
          "identity_schema_version": 0,
          "private": "bnVsbA==",
          "dependencies": [
            "consul_acl_policy.nomad_client"
          ]
        }
      ]
    },
    {
      "mode": "managed",
      "type": "consul_acl_token",
      "name": "nomad_server",
      "provider": "provider[\"registry.terraform.io/hashicorp/consul\"]",
      "instances": [
        {
          "schema_version": 0,
          "attributes": {
            "accessor_id": "ab1afd11-9155-10a6-b8a5-6f7f1b78074f",
            "description": "Token for Nomad servers",
            "expiration_time": "",
            "id": "ab1afd11-9155-10a6-b8a5-6f7f1b78074f",
            "local": false,
            "namespace": "",
            "node_identities": [],
            "partition": "",
            "policies": [
              "nomad-server"
            ],
            "roles": [],
            "service_identities": [],
            "templated_policies": []
          },
          "sensitive_attributes": [],
          "identity_schema_version": 0,
          "private": "bnVsbA==",
          "dependencies": [
            "consul_acl_policy.nomad_server"
          ]
        }
      ]
    },
    {
      "mode": "managed",
      "type": "consul_acl_token",
      "name": "prometheus",
      "provider": "provider[\"registry.terraform.io/hashicorp/consul\"]",
      "instances": [
        {
          "schema_version": 0,
          "attributes": {
            "accessor_id": "fa126f2b-0966-ba2d-aeb0-5e7a4086281f",
            "description": "Token for Prometheus service discovery",
            "expiration_time": "",
            "id": "fa126f2b-0966-ba2d-aeb0-5e7a4086281f",
            "local": false,
            "namespace": "",
            "node_identities": [],
            "partition": "",
            "policies": [
              "prometheus"
            ],
            "roles": [],
            "service_identities": [],
            "templated_policies": []
          },
          "sensitive_attributes": [],
          "identity_schema_version": 0,
          "private": "bnVsbA==",
          "dependencies": [
            "consul_acl_policy.prometheus"
          ]
        }
      ]
    },
    {
      "mode": "managed",
      "type": "consul_acl_token",
      "name": "traefik",
      "provider": "provider[\"registry.terraform.io/hashicorp/consul\"]",
      "instances": [
        {
          "schema_version": 0,
          "attributes": {
            "accessor_id": "feea344f-e1f9-0358-2d91-74be383018c9",
            "description": "Token for Traefik reverse proxy",
            "expiration_time": "",
            "id": "feea344f-e1f9-0358-2d91-74be383018c9",
            "local": false,
            "namespace": "",
            "node_identities": [],
            "partition": "",
            "policies": [
              "traefik"
            ],
            "roles": [],
            "service_identities": [],
            "templated_policies": []
          },
          "sensitive_attributes": [],
          "identity_schema_version": 0,
          "private": "bnVsbA==",
          "dependencies": [
            "consul_acl_policy.traefik"
          ]
        }
      ]
    },
    {
      "mode": "managed",
      "type": "consul_acl_token",
      "name": "vault_storage",
      "provider": "provider[\"registry.terraform.io/hashicorp/consul\"]",
      "instances": [
        {
          "schema_version": 0,
          "attributes": {
            "accessor_id": "4e59dfbd-7ec5-62d5-232c-58ec4a3b41a2",
            "description": "Token for Vault storage backend",
            "expiration_time": "",
            "id": "4e59dfbd-7ec5-62d5-232c-58ec4a3b41a2",
            "local": false,
            "namespace": "",
            "node_identities": [],
            "partition": "",
            "policies": [
              "vault-storage"
            ],
            "roles": [],
            "service_identities": [],
            "templated_policies": []
          },
          "sensitive_attributes": [],
          "identity_schema_version": 0,
          "private": "bnVsbA==",
          "dependencies": [
            "consul_acl_policy.vault_storage"
          ]
        }
      ]
    },
    {
      "mode": "managed",
      "type": "vault_kv_secret_v2",
      "name": "consul_agent_token",
      "provider": "provider[\"registry.terraform.io/hashicorp/vault\"]",
      "instances": [
        {
          "schema_version": 0,
          "attributes": {
            "cas": null,
            "custom_metadata": [
              {
                "cas_required": false,
                "data": {},
                "delete_version_after": 0,
                "max_versions": 0
              }
            ],
            "data": {
              "accessor_id": "6377bf03-f984-ee03-5c7e-21222e627b8e",
              "token": "9420766f-60b6-32b2-2d66-abf9554ad27c"
            },
            "data_json": "{\"accessor_id\":\"6377bf03-f984-ee03-5c7e-21222e627b8e\",\"token\":\"6377bf03-f984-ee03-5c7e-21222e627b8e\"}",
            "delete_all_versions": false,
            "disable_read": false,
            "id": "secret/data/consul/agent-token",
            "metadata": {
              "created_time": "2025-11-26T23:39:39.573929086Z",
              "custom_metadata": "null",
              "deletion_time": "",
              "destroyed": "false",
              "version": "3"
            },
            "mount": "secret",
            "name": "consul/agent-token",
            "namespace": null,
            "options": null,
            "path": "secret/data/consul/agent-token"
          },
          "sensitive_attributes": [
            [
              {
                "type": "get_attr",
                "value": "data"
              }
            ],
            [
              {
                "type": "get_attr",
                "value": "data_json"
              }
            ]
          ],
          "identity_schema_version": 0,
          "private": "bnVsbA==",
          "dependencies": [
            "consul_acl_policy.consul_agent",
            "consul_acl_token.consul_agent"
          ]
        }
      ]
    },
    {
      "mode": "managed",
      "type": "vault_kv_secret_v2",
      "name": "consul_bootstrap",
      "provider": "provider[\"registry.terraform.io/hashicorp/vault\"]",
      "instances": [
        {
          "schema_version": 0,
          "attributes": {
            "cas": null,
            "custom_metadata": [
              {
                "cas_required": false,
                "data": {},
                "delete_version_after": 0,
                "max_versions": 0
              }
            ],
            "data": {
              "description": "Consul ACL bootstrap token - CRITICAL",
              "token": "d3cbe858-08c1-f08b-70cb-55db7bb75c73"
            },
            "data_json": "{\"description\":\"Consul ACL bootstrap token - CRITICAL\",\"token\":\"d3cbe858-08c1-f08b-70cb-55db7bb75c73\"}",
            "delete_all_versions": false,
            "disable_read": false,
            "id": "secret/data/consul/bootstrap-token",
            "metadata": {
              "created_time": "2025-11-25T20:41:08.32245629Z",
              "custom_metadata": "null",
              "deletion_time": "",
              "destroyed": "false",
              "version": "1"
            },
            "mount": "secret",
            "name": "consul/bootstrap-token",
            "namespace": null,
            "options": null,
            "path": "secret/data/consul/bootstrap-token"
          },
          "sensitive_attributes": [
            [
              {
                "type": "get_attr",
                "value": "data"
              }
            ],
            [
              {
                "type": "get_attr",
                "value": "data_json"
              }
            ]
          ],
          "identity_schema_version": 0,
          "private": "bnVsbA=="
        }
      ]
    },
    {
      "mode": "managed",
      "type": "vault_kv_secret_v2",
      "name": "nomad_client_token",
      "provider": "provider[\"registry.terraform.io/hashicorp/vault\"]",
      "instances": [
        {
          "schema_version": 0,
          "attributes": {
            "cas": null,
            "custom_metadata": [
              {
                "cas_required": false,
                "data": {},
                "delete_version_after": 0,
                "max_versions": 0
              }
            ],
            "data": {
              "accessor_id": "a07b6ad5-94cf-b7f9-b210-570ecdc4f351",
              "token": "81bf3790-8449-f020-5995-b10ada1fa4d7"
            },
            "data_json": "{\"accessor_id\":\"be14de42-6897-cfec-5ce0-3e436a4fc8f7\",\"token\":\"be14de42-6897-cfec-5ce0-3e436a4fc8f7\"}",
            "delete_all_versions": false,
            "disable_read": false,
            "id": "secret/data/consul/nomad-client-token",
            "metadata": {
              "created_time": "2025-11-26T23:39:39.310295159Z",
              "custom_metadata": "null",
              "deletion_time": "",
              "destroyed": "false",
              "version": "3"
            },
            "mount": "secret",
            "name": "consul/nomad-client-token",
            "namespace": null,
            "options": null,
            "path": "secret/data/consul/nomad-client-token"
          },
          "sensitive_attributes": [
            [
              {
                "type": "get_attr",
                "value": "data"
              }
            ],
            [
              {
                "type": "get_attr",
                "value": "data_json"
              }
            ]
          ],
          "identity_schema_version": 0,
          "private": "bnVsbA==",
          "dependencies": [
            "consul_acl_policy.nomad_client",
            "consul_acl_token.nomad_client"
          ]
        }
      ]
    },
    {
      "mode": "managed",
      "type": "vault_kv_secret_v2",
      "name": "nomad_server_token",
      "provider": "provider[\"registry.terraform.io/hashicorp/vault\"]",
      "instances": [
        {
          "schema_version": 0,
          "attributes": {
            "cas": null,
            "custom_metadata": [
              {
                "cas_required": false,
                "data": {},
                "delete_version_after": 0,
                "max_versions": 0
              }
            ],
            "data": {
              "accessor_id": "2781392a-ce3f-d9f2-29c8-5b05d0959ddc",
              "token": "12c08909-731f-7ea2-3bc7-a301360fed07"
            },
            "data_json": "{\"accessor_id\":\"ab1afd11-9155-10a6-b8a5-6f7f1b78074f\",\"token\":\"ab1afd11-9155-10a6-b8a5-6f7f1b78074f\"}",
            "delete_all_versions": false,
            "disable_read": false,
            "id": "secret/data/consul/nomad-server-token",
            "metadata": {
              "created_time": "2025-11-26T23:39:39.001136612Z",
              "custom_metadata": "null",
              "deletion_time": "",
              "destroyed": "false",
              "version": "3"
            },
            "mount": "secret",
            "name": "consul/nomad-server-token",
            "namespace": null,
            "options": null,
            "path": "secret/data/consul/nomad-server-token"
          },
          "sensitive_attributes": [
            [
              {
                "type": "get_attr",
                "value": "data"
              }
            ],
            [
              {
                "type": "get_attr",
                "value": "data_json"
              }
            ]
          ],
          "identity_schema_version": 0,
          "private": "bnVsbA==",
          "dependencies": [
            "consul_acl_policy.nomad_server",
            "consul_acl_token.nomad_server"
          ]
        }
      ]
    },
    {
      "mode": "managed",
      "type": "vault_kv_secret_v2",
      "name": "prometheus",
      "provider": "provider[\"registry.terraform.io/hashicorp/vault\"]",
      "instances": [
        {
          "schema_version": 0,
          "attributes": {
            "cas": null,
            "custom_metadata": [
              {
                "cas_required": false,
                "data": {},
                "delete_version_after": 0,
                "max_versions": 0
              }
            ],
            "data": {
              "consul_token": "9019b7c2-e72a-5847-605d-14d594756d2d"
            },
            "data_json": "{\"consul_token\":\"fa126f2b-0966-ba2d-aeb0-5e7a4086281f\"}",
            "delete_all_versions": false,
            "disable_read": false,
            "id": "secret/data/prometheus",
            "metadata": {
              "created_time": "2025-11-27T09:58:52.429620182Z",
              "custom_metadata": "null",
              "deletion_time": "",
              "destroyed": "false",
              "version": "2"
            },
            "mount": "secret",
            "name": "prometheus",
            "namespace": null,
            "options": null,
            "path": "secret/data/prometheus"
          },
          "sensitive_attributes": [
            [
              {
                "type": "get_attr",
                "value": "data"
              }
            ],
            [
              {
                "type": "get_attr",
                "value": "data_json"
              }
            ]
          ],
          "identity_schema_version": 0,
          "private": "bnVsbA==",
          "dependencies": [
            "consul_acl_policy.prometheus",
            "consul_acl_token.prometheus"
          ]
        }
      ]
    },
    {
      "mode": "managed",
      "type": "vault_kv_secret_v2",
      "name": "traefik",
      "provider": "provider[\"registry.terraform.io/hashicorp/vault\"]",
      "instances": [
        {
          "schema_version": 0,
          "attributes": {
            "cas": null,
            "custom_metadata": [
              {
                "cas_required": false,
                "data": {},
                "delete_version_after": 0,
                "max_versions": 0
              }
            ],
            "data": {
              "cloudflare_api_token": "7FkU4Ctp24dl5rUhEjh1ZkP4mjxoAzKc4_nVFEnk",
              "consul_token": "8350d653-e27f-8b02-ebd0-3ca98b8aefa6"
            },
            "data_json": "{\"consul_token\":\"feea344f-e1f9-0358-2d91-74be383018c9\"}",
            "delete_all_versions": false,
            "disable_read": false,
            "id": "secret/data/traefik",
            "metadata": {
              "created_time": "2025-12-09T11:31:10.679827519Z",
              "custom_metadata": "null",
              "deletion_time": "",
              "destroyed": "false",
              "version": "5"
            },
            "mount": "secret",
            "name": "traefik",
            "namespace": null,
            "options": null,
            "path": "secret/data/traefik"
          },
          "sensitive_attributes": [
            [
              {
                "type": "get_attr",
                "value": "data"
              }
            ],
            [
              {
                "type": "get_attr",
                "value": "data_json"
              }
            ]
          ],
          "identity_schema_version": 0,
          "private": "bnVsbA==",
          "dependencies": [
            "consul_acl_policy.traefik",
            "consul_acl_token.traefik"
          ]
        }
      ]
    },
    {
      "mode": "managed",
      "type": "vault_kv_secret_v2",
      "name": "vault_storage_token",
      "provider": "provider[\"registry.terraform.io/hashicorp/vault\"]",
      "instances": [
        {
          "schema_version": 0,
          "attributes": {
            "cas": null,
            "custom_metadata": [
              {
                "cas_required": false,
                "data": {},
                "delete_version_after": 0,
                "max_versions": 0
              }
            ],
            "data": {
              "accessor_id": "4e59dfbd-7ec5-62d5-232c-58ec4a3b41a2",
              "token": "4e59dfbd-7ec5-62d5-232c-58ec4a3b41a2"
            },
            "data_json": "{\"accessor_id\":\"4e59dfbd-7ec5-62d5-232c-58ec4a3b41a2\",\"token\":\"4e59dfbd-7ec5-62d5-232c-58ec4a3b41a2\"}",
            "delete_all_versions": false,
            "disable_read": false,
            "id": "secret/data/consul/vault-storage-token",
            "metadata": {
              "created_time": "2025-11-26T12:45:17.557277316Z",
              "custom_metadata": "null",
              "deletion_time": "",
              "destroyed": "false",
              "version": "2"
            },
            "mount": "secret",
            "name": "consul/vault-storage-token",
            "namespace": null,
            "options": null,
            "path": "secret/data/consul/vault-storage-token"
          },
          "sensitive_attributes": [
            [
              {
                "type": "get_attr",
                "value": "data"
              }
            ],
            [
              {
                "type": "get_attr",
                "value": "data_json"
              }
            ]
          ],
          "identity_schema_version": 0,
          "private": "bnVsbA==",
          "dependencies": [
            "consul_acl_policy.vault_storage",
            "consul_acl_token.vault_storage"
          ]
        }
      ]
    }
  ],
  "check_results": null
}
